
Microsoft Visual Studio Solution File, Format Version 12.00
# Visual Studio Version 16
VisualStudioVersion = 16.0.31702.278
MinimumVisualStudioVersion = 10.0.40219.1
Project("{8BC9CEB8-8B4A-11D0-8D11-00A0C91BC942}") = "Talking Ben LOL", "Talking Ben LOL.vcxproj", "{264FB9DE-3EC8-47C9-B5C3-7FE3F50E2EC1}"
EndProject
Global
	GlobalSection(SolutionConfigurationPlatforms) = preSolution
		Debug|x64 = Debug|x64
		Debug|x86 = Debug|x86
		Release|x64 = Release|x64
		Release|x86 = Release|x86
	EndGlobalSection
	GlobalSection(ProjectConfigurationPlatforms) = postSolution
		{264FB9DE-3EC8-47C9-B5C3-7FE3F50E2EC1}.Debug|x64.ActiveCfg = Debug|x64
		{264FB9DE-3EC8-47C9-B5C3-7FE3F50E2EC1}.Debug|x64.Build.0 = Debug|x64
		{264FB9DE-3EC8-47C9-B5C3-7FE3F50E2EC1}.Debug|x86.ActiveCfg = Debug|Win32
		{264FB9DE-3EC8-47C9-B5C3-7FE3F50E2EC1}.Debug|x86.Build.0 = Debug|Win32
		{264FB9DE-3EC8-47C9-B5C3-7FE3F50E2EC1}.Release|x64.ActiveCfg = Release|x64
		{264FB9DE-3EC8-47C9-B5C3-7FE3F50E2EC1}.Release|x64.Build.0 = Release|x64
		{264FB9DE-3EC8-47C9-B5C3-7FE3F50E2EC1}.Release|x86.ActiveCfg = Release|Win32
		{264FB9DE-3EC8-47C9-B5C3-7FE3F50E2EC1}.Release|x86.Build.0 = Release|Win32
	EndGlobalSection
	GlobalSection(SolutionProperties) = preSolution
		HideSolutionNode = FALSE
	EndGlobalSection
	GlobalSection(ExtensibilityGlobals) = postSolution
		SolutionGuid = {52A7AB65-C634-4297-9EF3-B9073F21CE40}
	EndGlobalSection
EndGlobal
